
Microsoft Visual Studio Solution File, Format Version 12.00
# Visual Studio Version 16
VisualStudioVersion = 16.0.32428.217
MinimumVisualStudioVersion = 10.0.40219.1
Project("{159641D6-6404-4A2A-AE62-294DE0FE8301}") = "Proces ETL projekt", "Proces ETL projekt.dtproj", "{74FCCF98-C422-42AE-8E73-332834B1CA76}"
EndProject
Global
	GlobalSection(SolutionConfigurationPlatforms) = preSolution
		Development|Default = Development|Default
	EndGlobalSection
	GlobalSection(ProjectConfigurationPlatforms) = postSolution
		{74FCCF98-C422-42AE-8E73-332834B1CA76}.Development|Default.ActiveCfg = Development
		{74FCCF98-C422-42AE-8E73-332834B1CA76}.Development|Default.Build.0 = Development
	EndGlobalSection
	GlobalSection(SolutionProperties) = preSolution
		HideSolutionNode = FALSE
	EndGlobalSection
	GlobalSection(ExtensibilityGlobals) = postSolution
		SolutionGuid = {03E78B10-3BC5-4F6D-8A5D-B010B48490FA}
	EndGlobalSection
EndGlobal
