
Microsoft Visual Studio Solution File, Format Version 12.00
# Visual Studio Version 16
VisualStudioVersion = 16.0.32428.217
MinimumVisualStudioVersion = 10.0.40219.1
Project("{D2ABAB84-BF74-430A-B69E-9DC6D40DDA17}") = "generating_time_dimention", "generating_time_dimention.dwproj", "{3AD15975-5185-42B4-882A-5F6B5B7DD3DC}"
EndProject
Global
	GlobalSection(SolutionConfigurationPlatforms) = preSolution
		Development|Default = Development|Default
	EndGlobalSection
	GlobalSection(ProjectConfigurationPlatforms) = postSolution
		{3AD15975-5185-42B4-882A-5F6B5B7DD3DC}.Development|Default.ActiveCfg = Development
		{3AD15975-5185-42B4-882A-5F6B5B7DD3DC}.Development|Default.Build.0 = Development
		{3AD15975-5185-42B4-882A-5F6B5B7DD3DC}.Development|Default.Deploy.0 = Development
	EndGlobalSection
	GlobalSection(SolutionProperties) = preSolution
		HideSolutionNode = FALSE
	EndGlobalSection
	GlobalSection(ExtensibilityGlobals) = postSolution
		SolutionGuid = {4B10B554-6617-43D9-B863-A858F2FD1389}
	EndGlobalSection
EndGlobal
